// !$*UTF8*$!
{
	archiveVersion = 1;
	classes = {
	};
	objectVersion = 46;
	objects = {

/* Begin PBXBuildFile section */
		A3A296451A859D29004AA824 /* DataLibrary.m in Sources */ = {isa = PBXBuildFile; fileRef = A3A296441A859D29004AA824 /* DataLibrary.m */; };
		F8BB320D1A7C1F7D00C640E8 /* main.m in Sources */ = {isa = PBXBuildFile; fileRef = F8BB320C1A7C1F7D00C640E8 /* main.m */; };
		F8BB32101A7C1F7D00C640E8 /* AppDelegate.m in Sources */ = {isa = PBXBuildFile; fileRef = F8BB320F1A7C1F7D00C640E8 /* AppDelegate.m */; };
		F8BB32131A7C1F7D00C640E8 /* ViewController.m in Sources */ = {isa = PBXBuildFile; fileRef = F8BB32121A7C1F7D00C640E8 /* ViewController.m */; };
		F8BB32161A7C1F7D00C640E8 /* Main.storyboard in Resources */ = {isa = PBXBuildFile; fileRef = F8BB32141A7C1F7D00C640E8 /* Main.storyboard */; };
		F8BB32181A7C1F7D00C640E8 /* Images.xcassets in Resources */ = {isa = PBXBuildFile; fileRef = F8BB32171A7C1F7D00C640E8 /* Images.xcassets */; };
		F8BB321B1A7C1F7E00C640E8 /* LaunchScreen.xib in Resources */ = {isa = PBXBuildFile; fileRef = F8BB32191A7C1F7E00C640E8 /* LaunchScreen.xib */; };
		F8BB32271A7C1F7E00C640E8 /* ToDoListTests.m in Sources */ = {isa = PBXBuildFile; fileRef = F8BB32261A7C1F7E00C640E8 /* ToDoListTests.m */; };
		F8EA55E51A7C3C7F00BACAEA /* AddToDoItemViewController.m in Sources */ = {isa = PBXBuildFile; fileRef = F8EA55E41A7C3C7F00BACAEA /* AddToDoItemViewController.m */; };
		F8EA55E81A7C3CEF00BACAEA /* ToDoListTableViewController.m in Sources */ = {isa = PBXBuildFile; fileRef = F8EA55E71A7C3CEF00BACAEA /* ToDoListTableViewController.m */; };
		F8EA55EB1A7C435F00BACAEA /* ToDoItem.m in Sources */ = {isa = PBXBuildFile; fileRef = F8EA55EA1A7C435F00BACAEA /* ToDoItem.m */; };
/* End PBXBuildFile section */

/* Begin PBXContainerItemProxy section */
		F8BB32211A7C1F7E00C640E8 /* PBXContainerItemProxy */ = {
			isa = PBXContainerItemProxy;
			containerPortal = F8BB31FF1A7C1F7D00C640E8 /* Project object */;
			proxyType = 1;
			remoteGlobalIDString = F8BB32061A7C1F7D00C640E8;
			remoteInfo = ToDoList;
		};
/* End PBXContainerItemProxy section */

/* Begin PBXFileReference section */
		A3A296441A859D29004AA824 /* DataLibrary.m */ = {isa = PBXFileReference; fileEncoding = 4; lastKnownFileType = sourcecode.c.objc; path = DataLibrary.m; sourceTree = "<group>"; };
		A3A296461A859D3D004AA824 /* DataLibrary.h */ = {isa = PBXFileReference; lastKnownFileType = sourcecode.c.h; path = DataLibrary.h; sourceTree = "<group>"; };
		F8BB32071A7C1F7D00C640E8 /* ToDoList.app */ = {isa = PBXFileReference; explicitFileType = wrapper.application; includeInIndex = 0; path = ToDoList.app; sourceTree = BUILT_PRODUCTS_DIR; };
		F8BB320B1A7C1F7D00C640E8 /* Info.plist */ = {isa = PBXFileReference; lastKnownFileType = text.plist.xml; path = Info.plist; sourceTree = "<group>"; };
		F8BB320C1A7C1F7D00C640E8 /* main.m */ = {isa = PBXFileReference; lastKnownFileType = sourcecode.c.objc; path = main.m; sourceTree = "<group>"; };
		F8BB320E1A7C1F7D00C640E8 /* AppDelegate.h */ = {isa = PBXFileReference; lastKnownFileType = sourcecode.c.h; path = AppDelegate.h; sourceTree = "<group>"; };
		F8BB320F1A7C1F7D00C640E8 /* AppDelegate.m */ = {isa = PBXFileReference; lastKnownFileType = sourcecode.c.objc; path = AppDelegate.m; sourceTree = "<group>"; };
		F8BB32111A7C1F7D00C640E8 /* ViewController.h */ = {isa = PBXFileReference; lastKnownFileType = sourcecode.c.h; path = ViewController.h; sourceTree = "<group>"; };
		F8BB32121A7C1F7D00C640E8 /* ViewController.m */ = {isa = PBXFileReference; lastKnownFileType = sourcecode.c.objc; path = ViewController.m; sourceTree = "<group>"; };
		F8BB32151A7C1F7D00C640E8 /* Base */ = {isa = PBXFileReference; lastKnownFileType = file.storyboard; name = Base; path = Base.lproj/Main.storyboard; sourceTree = "<group>"; };
		F8BB32171A7C1F7D00C640E8 /* Images.xcassets */ = {isa = PBXFileReference; lastKnownFileType = folder.assetcatalog; path = Images.xcassets; sourceTree = "<group>"; };
		F8BB321A1A7C1F7E00C640E8 /* Base */ = {isa = PBXFileReference; lastKnownFileType = file.xib; name = Base; path = Base.lproj/LaunchScreen.xib; sourceTree = "<group>"; };
		F8BB32201A7C1F7E00C640E8 /* ToDoListTests.xctest */ = {isa = PBXFileReference; explicitFileType = wrapper.cfbundle; includeInIndex = 0; path = ToDoListTests.xctest; sourceTree = BUILT_PRODUCTS_DIR; };
		F8BB32251A7C1F7E00C640E8 /* Info.plist */ = {isa = PBXFileReference; lastKnownFileType = text.plist.xml; path = Info.plist; sourceTree = "<group>"; };
		F8BB32261A7C1F7E00C640E8 /* ToDoListTests.m */ = {isa = PBXFileReference; lastKnownFileType = sourcecode.c.objc; path = ToDoListTests.m; sourceTree = "<group>"; };
		F8EA55E31A7C3C7F00BACAEA /* AddToDoItemViewController.h */ = {isa = PBXFileReference; fileEncoding = 4; lastKnownFileType = sourcecode.c.h; path = AddToDoItemViewController.h; sourceTree = "<group>"; };
		F8EA55E41A7C3C7F00BACAEA /* AddToDoItemViewController.m */ = {isa = PBXFileReference; fileEncoding = 4; lastKnownFileType = sourcecode.c.objc; path = AddToDoItemViewController.m; sourceTree = "<group>"; };
		F8EA55E61A7C3CEF00BACAEA /* ToDoListTableViewController.h */ = {isa = PBXFileReference; fileEncoding = 4; lastKnownFileType = sourcecode.c.h; path = ToDoListTableViewController.h; sourceTree = "<group>"; };
		F8EA55E71A7C3CEF00BACAEA /* ToDoListTableViewController.m */ = {isa = PBXFileReference; fileEncoding = 4; lastKnownFileType = sourcecode.c.objc; path = ToDoListTableViewController.m; sourceTree = "<group>"; };
		F8EA55E91A7C435F00BACAEA /* ToDoItem.h */ = {isa = PBXFileReference; fileEncoding = 4; lastKnownFileType = sourcecode.c.h; path = ToDoItem.h; sourceTree = "<group>"; };
		F8EA55EA1A7C435F00BACAEA /* ToDoItem.m */ = {isa = PBXFileReference; fileEncoding = 4; lastKnownFileType = sourcecode.c.objc; path = ToDoItem.m; sourceTree = "<group>"; };
/* End PBXFileReference section */

/* Begin PBXFrameworksBuildPhase section */
		F8BB32041A7C1F7D00C640E8 /* Frameworks */ = {
			isa = PBXFrameworksBuildPhase;
			buildActionMask = 2147483647;
			files = (
			);
			runOnlyForDeploymentPostprocessing = 0;
		};
		F8BB321D1A7C1F7E00C640E8 /* Frameworks */ = {
			isa = PBXFrameworksBuildPhase;
			buildActionMask = 2147483647;
			files = (
			);
			runOnlyForDeploymentPostprocessing = 0;
		};
/* End PBXFrameworksBuildPhase section */

/* Begin PBXGroup section */
		F8BB31FE1A7C1F7D00C640E8 = {
			isa = PBXGroup;
			children = (
				F8BB32091A7C1F7D00C640E8 /* ToDoList */,
				F8BB32231A7C1F7E00C640E8 /* ToDoListTests */,
				F8BB32081A7C1F7D00C640E8 /* Products */,
			);
			sourceTree = "<group>";
		};
		F8BB32081A7C1F7D00C640E8 /* Products */ = {
			isa = PBXGroup;
			children = (
				F8BB32071A7C1F7D00C640E8 /* ToDoList.app */,
				F8BB32201A7C1F7E00C640E8 /* ToDoListTests.xctest */,
			);
			name = Products;
			sourceTree = "<group>";
		};
		F8BB32091A7C1F7D00C640E8 /* ToDoList */ = {
			isa = PBXGroup;
			children = (
				F8BB320E1A7C1F7D00C640E8 /* AppDelegate.h */,
				F8BB320F1A7C1F7D00C640E8 /* AppDelegate.m */,
				F8BB32111A7C1F7D00C640E8 /* ViewController.h */,
				F8BB32121A7C1F7D00C640E8 /* ViewController.m */,
				F8BB32141A7C1F7D00C640E8 /* Main.storyboard */,
				F8EA55E91A7C435F00BACAEA /* ToDoItem.h */,
				F8EA55EA1A7C435F00BACAEA /* ToDoItem.m */,
				F8EA55E61A7C3CEF00BACAEA /* ToDoListTableViewController.h */,
				F8EA55E71A7C3CEF00BACAEA /* ToDoListTableViewController.m */,
				F8EA55E31A7C3C7F00BACAEA /* AddToDoItemViewController.h */,
				F8EA55E41A7C3C7F00BACAEA /* AddToDoItemViewController.m */,
				F8BB32171A7C1F7D00C640E8 /* Images.xcassets */,
				F8BB32191A7C1F7E00C640E8 /* LaunchScreen.xib */,
				F8BB320A1A7C1F7D00C640E8 /* Supporting Files */,
				A3A296441A859D29004AA824 /* DataLibrary.m */,
				A3A296461A859D3D004AA824 /* DataLibrary.h */,
			);
			path = ToDoList;
			sourceTree = "<group>";
		};
		F8BB320A1A7C1F7D00C640E8 /* Supporting Files */ = {
			isa = PBXGroup;
			children = (
				F8BB320B1A7C1F7D00C640E8 /* Info.plist */,
				F8BB320C1A7C1F7D00C640E8 /* main.m */,
			);
			name = "Supporting Files";
			sourceTree = "<group>";
		};
		F8BB32231A7C1F7E00C640E8 /* ToDoListTests */ = {
			isa = PBXGroup;
			children = (
				F8BB32261A7C1F7E00C640E8 /* ToDoListTests.m */,
				F8BB32241A7C1F7E00C640E8 /* Supporting Files */,
			);
			path = ToDoListTests;
			sourceTree = "<group>";
		};
		F8BB32241A7C1F7E00C640E8 /* Supporting Files */ = {
			isa = PBXGroup;
			children = (
				F8BB32251A7C1F7E00C640E8 /* Info.plist */,
			);
			name = "Supporting Files";
			sourceTree = "<group>";
		};
/* End PBXGroup section */

/* Begin PBXNativeTarget section */
		F8BB32061A7C1F7D00C640E8 /* ToDoList */ = {
			isa = PBXNativeTarget;
			buildConfigurationList = F8BB322A1A7C1F7E00C640E8 /* Build configuration list for PBXNativeTarget "ToDoList" */;
			buildPhases = (
				F8BB32031A7C1F7D00C640E8 /* Sources */,
				F8BB32041A7C1F7D00C640E8 /* Frameworks */,
				F8BB32051A7C1F7D00C640E8 /* Resources */,
			);
			buildRules = (
			);
			dependencies = (
			);
			name = ToDoList;
			productName = ToDoList;
			productReference = F8BB32071A7C1F7D00C640E8 /* ToDoList.app */;
			productType = "com.apple.product-type.application";
		};
		F8BB321F1A7C1F7E00C640E8 /* ToDoListTests */ = {
			isa = PBXNativeTarget;
			buildConfigurationList = F8BB322D1A7C1F7E00C640E8 /* Build configuration list for PBXNativeTarget "ToDoListTests" */;
			buildPhases = (
				F8BB321C1A7C1F7E00C640E8 /* Sources */,
				F8BB321D1A7C1F7E00C640E8 /* Frameworks */,
				F8BB321E1A7C1F7E00C640E8 /* Resources */,
			);
			buildRules = (
			);
			dependencies = (
				F8BB32221A7C1F7E00C640E8 /* PBXTargetDependency */,
			);
			name = ToDoListTests;
			productName = ToDoListTests;
			productReference = F8BB32201A7C1F7E00C640E8 /* ToDoListTests.xctest */;
			productType = "com.apple.product-type.bundle.unit-test";
		};
/* End PBXNativeTarget section */

/* Begin PBXProject section */
		F8BB31FF1A7C1F7D00C640E8 /* Project object */ = {
			isa = PBXProject;
			attributes = {
				LastUpgradeCheck = 0610;
				ORGANIZATIONNAME = "Dillon Welch";
				TargetAttributes = {
					F8BB32061A7C1F7D00C640E8 = {
						CreatedOnToolsVersion = 6.1.1;
					};
					F8BB321F1A7C1F7E00C640E8 = {
						CreatedOnToolsVersion = 6.1.1;
						TestTargetID = F8BB32061A7C1F7D00C640E8;
					};
				};
			};
			buildConfigurationList = F8BB32021A7C1F7D00C640E8 /* Build configuration list for PBXProject "ToDoList" */;
			compatibilityVersion = "Xcode 3.2";
			developmentRegion = English;
			hasScannedForEncodings = 0;
			knownRegions = (
				en,
				Base,
			);
			mainGroup = F8BB31FE1A7C1F7D00C640E8;
			productRefGroup = F8BB32081A7C1F7D00C640E8 /* Products */;
			projectDirPath = "";
			projectRoot = "";
			targets = (
				F8BB32061A7C1F7D00C640E8 /* ToDoList */,
				F8BB321F1A7C1F7E00C640E8 /* ToDoListTests */,
			);
		};
/* End PBXProject section */

/* Begin PBXResourcesBuildPhase section */
		F8BB32051A7C1F7D00C640E8 /* Resources */ = {
			isa = PBXResourcesBuildPhase;
			buildActionMask = 2147483647;
			files = (
				F8BB32161A7C1F7D00C640E8 /* Main.storyboard in Resources */,
				F8BB321B1A7C1F7E00C640E8 /* LaunchScreen.xib in Resources */,
				F8BB32181A7C1F7D00C640E8 /* Images.xcassets in Resources */,
			);
			runOnlyForDeploymentPostprocessing = 0;
		};
		F8BB321E1A7C1F7E00C640E8 /* Resources */ = {
			isa = PBXResourcesBuildPhase;
			buildActionMask = 2147483647;
			files = (
			);
			runOnlyForDeploymentPostprocessing = 0;
		};
/* End PBXResourcesBuildPhase section */

/* Begin PBXSourcesBuildPhase section */
		F8BB32031A7C1F7D00C640E8 /* Sources */ = {
			isa = PBXSourcesBuildPhase;
			buildActionMask = 2147483647;
			files = (
				F8EA55EB1A7C435F00BACAEA /* ToDoItem.m in Sources */,
				F8BB32131A7C1F7D00C640E8 /* ViewController.m in Sources */,
				F8BB32101A7C1F7D00C640E8 /* AppDelegate.m in Sources */,
				F8BB320D1A7C1F7D00C640E8 /* main.m in Sources */,
				F8EA55E81A7C3CEF00BACAEA /* ToDoListTableViewController.m in Sources */,
				A3A296451A859D29004AA824 /* DataLibrary.m in Sources */,
				F8EA55E51A7C3C7F00BACAEA /* AddToDoItemViewController.m in Sources */,
			);
			runOnlyForDeploymentPostprocessing = 0;
		};
		F8BB321C1A7C1F7E00C640E8 /* Sources */ = {
			isa = PBXSourcesBuildPhase;
			buildActionMask = 2147483647;
			files = (
				F8BB32271A7C1F7E00C640E8 /* ToDoListTests.m in Sources */,
			);
			runOnlyForDeploymentPostprocessing = 0;
		};
/* End PBXSourcesBuildPhase section */

/* Begin PBXTargetDependency section */
		F8BB32221A7C1F7E00C640E8 /* PBXTargetDependency */ = {
			isa = PBXTargetDependency;
			target = F8BB32061A7C1F7D00C640E8 /* ToDoList */;
			targetProxy = F8BB32211A7C1F7E00C640E8 /* PBXContainerItemProxy */;
		};
/* End PBXTargetDependency section */

/* Begin PBXVariantGroup section */
		F8BB32141A7C1F7D00C640E8 /* Main.storyboard */ = {
			isa = PBXVariantGroup;
			children = (
				F8BB32151A7C1F7D00C640E8 /* Base */,
			);
			name = Main.storyboard;
			sourceTree = "<group>";
		};
		F8BB32191A7C1F7E00C640E8 /* LaunchScreen.xib */ = {
			isa = PBXVariantGroup;
			children = (
				F8BB321A1A7C1F7E00C640E8 /* Base */,
			);
			name = LaunchScreen.xib;
			sourceTree = "<group>";
		};
/* End PBXVariantGroup section */

/* Begin XCBuildConfiguration section */
		F8BB32281A7C1F7E00C640E8 /* Debug */ = {
			isa = XCBuildConfiguration;
			buildSettings = {
				ALWAYS_SEARCH_USER_PATHS = NO;
				CLANG_CXX_LANGUAGE_STANDARD = "gnu++0x";
				CLANG_CXX_LIBRARY = "libc++";
				CLANG_ENABLE_MODULES = YES;
				CLANG_ENABLE_OBJC_ARC = YES;
				CLANG_WARN_BOOL_CONVERSION = YES;
				CLANG_WARN_CONSTANT_CONVERSION = YES;
				CLANG_WARN_DIRECT_OBJC_ISA_USAGE = YES_ERROR;
				CLANG_WARN_EMPTY_BODY = YES;
				CLANG_WARN_ENUM_CONVERSION = YES;
				CLANG_WARN_INT_CONVERSION = YES;
				CLANG_WARN_OBJC_ROOT_CLASS = YES_ERROR;
				CLANG_WARN_UNREACHABLE_CODE = YES;
				CLANG_WARN__DUPLICATE_METHOD_MATCH = YES;
				"CODE_SIGN_IDENTITY[sdk=iphoneos*]" = "iPhone Developer";
				COPY_PHASE_STRIP = NO;
				ENABLE_STRICT_OBJC_MSGSEND = YES;
				GCC_C_LANGUAGE_STANDARD = gnu99;
				GCC_DYNAMIC_NO_PIC = NO;
				GCC_OPTIMIZATION_LEVEL = 0;
				GCC_PREPROCESSOR_DEFINITIONS = (
					"DEBUG=1",
					"$(inherited)",
				);
				GCC_SYMBOLS_PRIVATE_EXTERN = NO;
				GCC_WARN_64_TO_32_BIT_CONVERSION = YES;
				GCC_WARN_ABOUT_RETURN_TYPE = YES_ERROR;
				GCC_WARN_UNDECLARED_SELECTOR = YES;
				GCC_WARN_UNINITIALIZED_AUTOS = YES_AGGRESSIVE;
				GCC_WARN_UNUSED_FUNCTION = YES;
				GCC_WARN_UNUSED_VARIABLE = YES;
				IPHONEOS_DEPLOYMENT_TARGET = 8.1;
				MTL_ENABLE_DEBUG_INFO = YES;
				ONLY_ACTIVE_ARCH = YES;
				SDKROOT = iphoneos;
				TARGETED_DEVICE_FAMILY = "1,2";
			};
			name = Debug;
		};
		F8BB32291A7C1F7E00C640E8 /* Release */ = {
			isa = XCBuildConfiguration;
			buildSettings = {
				ALWAYS_SEARCH_USER_PATHS = NO;
				CLANG_CXX_LANGUAGE_STANDARD = "gnu++0x";
				CLANG_CXX_LIBRARY = "libc++";
				CLANG_ENABLE_MODULES = YES;
				CLANG_ENABLE_OBJC_ARC = YES;
				CLANG_WARN_BOOL_CONVERSION = YES;
				CLANG_WARN_CONSTANT_CONVERSION = YES;
				CLANG_WARN_DIRECT_OBJC_ISA_USAGE = YES_ERROR;
				CLANG_WARN_EMPTY_BODY = YES;
				CLANG_WARN_ENUM_CONVERSION = YES;
				CLANG_WARN_INT_CONVERSION = YES;
				CLANG_WARN_OBJC_ROOT_CLASS = YES_ERROR;
				CLANG_WARN_UNREACHABLE_CODE = YES;
				CLANG_WARN__DUPLICATE_METHOD_MATCH = YES;
				"CODE_SIGN_IDENTITY[sdk=iphoneos*]" = "iPhone Developer";
				COPY_PHASE_STRIP = YES;
				ENABLE_NS_ASSERTIONS = NO;
				ENABLE_STRICT_OBJC_MSGSEND = YES;
				GCC_C_LANGUAGE_STANDARD = gnu99;
				GCC_WARN_64_TO_32_BIT_CONVERSION = YES;
				GCC_WARN_ABOUT_RETURN_TYPE = YES_ERROR;
				GCC_WARN_UNDECLARED_SELECTOR = YES;
				GCC_WARN_UNINITIALIZED_AUTOS = YES_AGGRESSIVE;
				GCC_WARN_UNUSED_FUNCTION = YES;
				GCC_WARN_UNUSED_VARIABLE = YES;
				IPHONEOS_DEPLOYMENT_TARGET = 8.1;
				MTL_ENABLE_DEBUG_INFO = NO;
				SDKROOT = iphoneos;
				TARGETED_DEVICE_FAMILY = "1,2";
				VALIDATE_PRODUCT = YES;
			};
			name = Release;
		};
		F8BB322B1A7C1F7E00C640E8 /* Debug */ = {
			isa = XCBuildConfiguration;
			buildSettings = {
				ASSETCATALOG_COMPILER_APPICON_NAME = AppIcon;
				INFOPLIST_FILE = ToDoList/Info.plist;
				LD_RUNPATH_SEARCH_PATHS = "$(inherited) @executable_path/Frameworks";
				PRODUCT_NAME = "$(TARGET_NAME)";
			};
			name = Debug;
		};
		F8BB322C1A7C1F7E00C640E8 /* Release */ = {
			isa = XCBuildConfiguration;
			buildSettings = {
				ASSETCATALOG_COMPILER_APPICON_NAME = AppIcon;
				INFOPLIST_FILE = ToDoList/Info.plist;
				LD_RUNPATH_SEARCH_PATHS = "$(inherited) @executable_path/Frameworks";
				PRODUCT_NAME = "$(TARGET_NAME)";
			};
			name = Release;
		};
		F8BB322E1A7C1F7E00C640E8 /* Debug */ = {
			isa = XCBuildConfiguration;
			buildSettings = {
				BUNDLE_LOADER = "$(TEST_HOST)";
				FRAMEWORK_SEARCH_PATHS = (
					"$(SDKROOT)/Developer/Library/Frameworks",
					"$(inherited)",
				);
				GCC_PREPROCESSOR_DEFINITIONS = (
					"DEBUG=1",
					"$(inherited)",
				);
				INFOPLIST_FILE = ToDoListTests/Info.plist;
				LD_RUNPATH_SEARCH_PATHS = "$(inherited) @executable_path/Frameworks @loader_path/Frameworks";
				PRODUCT_NAME = "$(TARGET_NAME)";
				TEST_HOST = "$(BUILT_PRODUCTS_DIR)/ToDoList.app/ToDoList";
			};
			name = Debug;
		};
		F8BB322F1A7C1F7E00C640E8 /* Release */ = {
			isa = XCBuildConfiguration;
			buildSettings = {
				BUNDLE_LOADER = "$(TEST_HOST)";
				FRAMEWORK_SEARCH_PATHS = (
					"$(SDKROOT)/Developer/Library/Frameworks",
					"$(inherited)",
				);
				INFOPLIST_FILE = ToDoListTests/Info.plist;
				LD_RUNPATH_SEARCH_PATHS = "$(inherited) @executable_path/Frameworks @loader_path/Frameworks";
				PRODUCT_NAME = "$(TARGET_NAME)";
				TEST_HOST = "$(BUILT_PRODUCTS_DIR)/ToDoList.app/ToDoList";
			};
			name = Release;
		};
/* End XCBuildConfiguration section */

/* Begin XCConfigurationList section */
		F8BB32021A7C1F7D00C640E8 /* Build configuration list for PBXProject "ToDoList" */ = {
			isa = XCConfigurationList;
			buildConfigurations = (
				F8BB32281A7C1F7E00C640E8 /* Debug */,
				F8BB32291A7C1F7E00C640E8 /* Release */,
			);
			defaultConfigurationIsVisible = 0;
			defaultConfigurationName = Release;
		};
		F8BB322A1A7C1F7E00C640E8 /* Build configuration list for PBXNativeTarget "ToDoList" */ = {
			isa = XCConfigurationList;
			buildConfigurations = (
				F8BB322B1A7C1F7E00C640E8 /* Debug */,
				F8BB322C1A7C1F7E00C640E8 /* Release */,
			);
			defaultConfigurationIsVisible = 0;
			defaultConfigurationName = Release;
		};
		F8BB322D1A7C1F7E00C640E8 /* Build configuration list for PBXNativeTarget "ToDoListTests" */ = {
			isa = XCConfigurationList;
			buildConfigurations = (
				F8BB322E1A7C1F7E00C640E8 /* Debug */,
				F8BB322F1A7C1F7E00C640E8 /* Release */,
			);
			defaultConfigurationIsVisible = 0;
			defaultConfigurationName = Release;
		};
/* End XCConfigurationList section */
	};
	rootObject = F8BB31FF1A7C1F7D00C640E8 /* Project object */;
}
